
Microsoft Visual Studio Solution File, Format Version 12.00
# Visual Studio Version 16
VisualStudioVersion = 16.0.30804.86
MinimumVisualStudioVersion = 10.0.40219.1
Project("{FAE04EC0-301F-11D3-BF4B-00C04F79EFBC}") = "TaxNo", "TwTaxNo\TaxNo.csproj", "{96D3E937-4F0B-4C20-8DB9-3FF655EB87B6}"
EndProject
Global
	GlobalSection(SolutionConfigurationPlatforms) = preSolution
		Debug|Any CPU = Debug|Any CPU
		Release|Any CPU = Release|Any CPU
	EndGlobalSection
	GlobalSection(ProjectConfigurationPlatforms) = postSolution
		{96D3E937-4F0B-4C20-8DB9-3FF655EB87B6}.Debug|Any CPU.ActiveCfg = Debug|Any CPU
		{96D3E937-4F0B-4C20-8DB9-3FF655EB87B6}.Debug|Any CPU.Build.0 = Debug|Any CPU
		{96D3E937-4F0B-4C20-8DB9-3FF655EB87B6}.Release|Any CPU.ActiveCfg = Release|Any CPU
		{96D3E937-4F0B-4C20-8DB9-3FF655EB87B6}.Release|Any CPU.Build.0 = Release|Any CPU
	EndGlobalSection
	GlobalSection(SolutionProperties) = preSolution
		HideSolutionNode = FALSE
	EndGlobalSection
	GlobalSection(ExtensibilityGlobals) = postSolution
		SolutionGuid = {1EEA5A13-B784-434B-87C2-751E3EE3743C}
	EndGlobalSection
EndGlobal
